
Microsoft Visual Studio Solution File, Format Version 12.00
Project("{FAE04EC0-301F-11D3-BF4B-00C04F79EFBC}") = "PsExample", "PsExample\PsExample.csproj", "{A9214964-8D46-43F3-BCCD-A59D59DD6840}"
EndProject
Global
	GlobalSection(SolutionConfigurationPlatforms) = preSolution
		Debug|Any CPU = Debug|Any CPU
		Release|Any CPU = Release|Any CPU
	EndGlobalSection
	GlobalSection(ProjectConfigurationPlatforms) = postSolution
		{A9214964-8D46-43F3-BCCD-A59D59DD6840}.Debug|Any CPU.ActiveCfg = Debug|Any CPU
		{A9214964-8D46-43F3-BCCD-A59D59DD6840}.Debug|Any CPU.Build.0 = Debug|Any CPU
		{A9214964-8D46-43F3-BCCD-A59D59DD6840}.Release|Any CPU.ActiveCfg = Release|Any CPU
		{A9214964-8D46-43F3-BCCD-A59D59DD6840}.Release|Any CPU.Build.0 = Release|Any CPU
	EndGlobalSection
EndGlobal
